{
  "version": 4,
  "terraform_version": "1.3.6",
  "serial": 2234,
  "lineage": "f16632a0-38df-b1c4-c85b-c96657a755d6",
  "outputs": {},
  "resources": [
    {
      "mode": "managed",
      "type": "openstack_compute_floatingip_associate_v2",
      "name": "application",
      "provider": "provider[\"registry.terraform.io/terraform-provider-openstack/openstack\"]",
      "instances": [
        {
          "schema_version": 0,
          "attributes": {
            "fixed_ip": "",
            "floating_ip": "10.29.247.40",
            "id": "10.29.247.40/fd64c625-dfd6-4d96-9c61-f717565145b1/",
            "instance_id": "fd64c625-dfd6-4d96-9c61-f717565145b1",
            "region": "RegionOne",
            "timeouts": null,
            "wait_until_associated": null
          },
          "sensitive_attributes": [],
          "private": "eyJlMmJmYjczMC1lY2FhLTExZTYtOGY4OC0zNDM2M2JjN2M0YzAiOnsiY3JlYXRlIjo2MDAwMDAwMDAwMDB9fQ==",
          "dependencies": [
            "openstack_compute_instance_v2.cluster-node",
            "openstack_compute_keypair_v2.keypair",
            "openstack_compute_secgroup_v2.application_secgroup",
            "openstack_networking_floatingip_v2.application",
            "openstack_networking_network_v2.internal_net",
            "openstack_networking_router_v2.project_router",
            "openstack_networking_subnet_v2.internal_subnet"
          ]
        }
      ]
    },
    {
      "mode": "managed",
      "type": "openstack_compute_instance_v2",
      "name": "cluster-node",
      "provider": "provider[\"registry.terraform.io/terraform-provider-openstack/openstack\"]",
      "instances": [
        {
          "schema_version": 0,
          "attributes": {
            "access_ip_v4": "192.168.1.69",
            "access_ip_v6": "",
            "admin_pass": null,
            "all_metadata": {},
            "all_tags": [],
            "availability_zone": "nova",
            "availability_zone_hints": null,
            "block_device": [],
            "config_drive": null,
            "flavor_id": "5",
            "flavor_name": "m1.medium",
            "floating_ip": null,
            "force_delete": false,
            "id": "fd64c625-dfd6-4d96-9c61-f717565145b1",
            "image_id": "00000000-0000-0000-0001-000000000102",
            "image_name": "imta-docker",
            "key_pair": "mykey",
            "metadata": null,
            "name": "node",
            "network": [
              {
                "access_network": false,
                "fixed_ip_v4": "192.168.1.69",
                "fixed_ip_v6": "",
                "floating_ip": "",
                "mac": "fa:16:3e:68:2a:ce",
                "name": "project-net",
                "port": "",
                "uuid": "dbdea438-bbb7-494b-89f6-9c8c3ebbb533"
              }
            ],
            "network_mode": null,
            "personality": [],
            "power_state": "active",
            "region": "RegionOne",
            "scheduler_hints": [],
            "security_groups": [
              "application_secgroup"
            ],
            "stop_before_destroy": false,
            "tags": null,
            "timeouts": null,
            "user_data": null,
            "vendor_options": [],
            "volume": []
          },
          "sensitive_attributes": [],
          "private": "eyJlMmJmYjczMC1lY2FhLTExZTYtOGY4OC0zNDM2M2JjN2M0YzAiOnsiY3JlYXRlIjoxODAwMDAwMDAwMDAwLCJkZWxldGUiOjE4MDAwMDAwMDAwMDAsInVwZGF0ZSI6MTgwMDAwMDAwMDAwMH19",
          "dependencies": [
            "openstack_compute_keypair_v2.keypair",
            "openstack_compute_secgroup_v2.application_secgroup",
            "openstack_networking_network_v2.internal_net",
            "openstack_networking_subnet_v2.internal_subnet"
          ]
        }
      ]
    },
    {
      "mode": "managed",
      "type": "openstack_compute_keypair_v2",
      "name": "keypair",
      "provider": "provider[\"registry.terraform.io/terraform-provider-openstack/openstack\"]",
      "instances": [
        {
          "schema_version": 0,
          "attributes": {
            "fingerprint": "aa:9a:9b:04:eb:5a:09:07:d1:90:c6:88:83:14:27:a7",
            "id": "mykey",
            "name": "mykey",
            "private_key": "-----BEGIN RSA PRIVATE KEY-----\nMIIEowIBAAKCAQEAxyh+TOyO1797WUqP81eF4tAPrC5XBYfp3jO/N42TKmAV+98X\nB/qFPPt1BVO0CdpRV6GunZVuCaTagGhVJiOGjfwGw6sXyoaNxBvVvlLU8IAx2tbo\nX+/ksM8VEljeq6fH8VJr6UcHkFLcqFrQjEGbu6vY81v+gb2Kdq6s6kFo28AdrRqz\n80uN6zE943uD9vK7sgqOAMM//4dqdaPCGiqdKI7ZaDafWisJyZSi9Z36fPrX0S9F\nCVtL2o/ZbOHSleOnIwTVSPmUDzNgxRNBiIVrhQe1HfzqLUmzCXbFfppvQEOb2Zio\nCrP5yFp6/60AAOmzTnmO0JtQqNTbzNI8TttnuwIDAQABAoIBAGKCzB5+sJVVWM0t\nDZE/jLFJW0c+0LqipPLNQ9tVwyKlzpn8mqbOq1Mjypls8tQg0jV3eyjlfj109sOn\nV976mZbnv+zPV4BNGBiV8B8pV7zynDZ0MRMrVUKD3BdsMBBWeJcMvuXvxXUFF7KK\n4TdPSJoHAdQ2f+hq+e+ErXFeE2EGgaEVLCqu9Aai9cLcbqZdlZvKjzmw/6FZ6t6v\nEOAjMoVMpqgjwVnpH9YP7OJsDR8sMxB16msoATe2o11oOLWtFVLO6KzMY7ebaAIs\n3xGWUjlBqpanCFmAWYHOisBuMOjCARtvteJon6BRK8alpNZ0XPsPm3RwKz+h7W5E\np5XilKECgYEA76TBwgryOYH/zjiU+Ks985F77FZdLLmDwQSZSq+yOWKh10GrrmyX\nwIedjCO33DtI4xN3JTf/IWUrA34HfOwqaj/k6zPfW5I0e3HYa4P0CLRfXD3kATP+\nifC6Ad4rdoI2rpgDjl4oKJYCqQvBIVOSOpzVt19IwI5LQc7638Y1gBECgYEA1MBX\n5IXvOAQmYpFWDg6u+kNJiCXsWtmXP7XnbjjaLp8ua5wmntkqXg6gykdQOB4p4R6X\nz3LUGJTvnlhUZicllf+z0LAM/SxZgI27gFq+7A/b4H1W2tVzeaFDCrlzsQFv4uRH\nnIstS+8Ho+X+17wbj4luZ+FOZU2RLqcbWUKXdwsCgYAEHCtGjLGC0vv0KXxEl4tE\ndiZN8109uyDLWqzWXxULbumfq3yqTSp9HtZQ5PvuRwYE/vx4IvG5PObz9GFkfxhr\nIhVnA0i9ZVCJHXa8wVKaI53PEzCp5J5k9z/5cDoGmk0dyXWmJ29A4vHAvHbff3Nu\nleoEbxnsU4Ru6IHc/KVGQQKBgQDCrRKAIPKJ/nolXbox+MuyY1noxFLnuw3Ela4k\n1M8JNE2k2Gkal7tF//qvvduwziEiRv1BLWDY8YfmDAuGwjGJdUbUIhRwomFv2cGG\nLQNhPQ3E+Mw+SG13EdIoARTVFmyMYLkKjOww/JOwLSgpvo41pNsrISa8WeMMnorO\n/bldiwKBgCP5WcAU/s0oDgayQHcRpL0OuXeWUHg0Whc+A44X4oHDXZYpwvFD/FLT\nfbR3J6pW1iR3naNasLAnGtkLdIrtXomVv9V7wItPU7ZW+6h/2J6YHNrhnLwYqiYj\nkuhwHflAqayEfLFDdYqj98OlFLD+N9tehC2lhLpgd2bIRl5TSS/+\n-----END RSA PRIVATE KEY-----\n",
            "public_key": "ssh-rsa AAAAB3NzaC1yc2EAAAADAQABAAABAQDHKH5M7I7Xv3tZSo/zV4Xi0A+sLlcFh+neM783jZMqYBX73xcH+oU8+3UFU7QJ2lFXoa6dlW4JpNqAaFUmI4aN/AbDqxfKho3EG9W+UtTwgDHa1uhf7+SwzxUSWN6rp8fxUmvpRweQUtyoWtCMQZu7q9jzW/6BvYp2rqzqQWjbwB2tGrPzS43rMT3je4P28ruyCo4Awz//h2p1o8IaKp0ojtloNp9aKwnJlKL1nfp8+tfRL0UJW0vaj9ls4dKV46cjBNVI+ZQPM2DFE0GIhWuFB7Ud/OotSbMJdsV+mm9AQ5vZmKgKs/nIWnr/rQAA6bNOeY7Qm1Co1NvM0jxO22e7 Generated-by-Nova",
            "region": "RegionOne",
            "user_id": "",
            "value_specs": null
          },
          "sensitive_attributes": [],
          "private": "bnVsbA=="
        }
      ]
    },
    {
      "mode": "managed",
      "type": "openstack_compute_secgroup_v2",
      "name": "application_secgroup",
      "provider": "provider[\"registry.terraform.io/terraform-provider-openstack/openstack\"]",
      "instances": [
        {
          "schema_version": 0,
          "attributes": {
            "description": "application security group",
            "id": "8df26dcf-08bb-4ca2-9443-54db6dda12a0",
            "name": "application_secgroup",
            "region": "RegionOne",
            "rule": [
              {
                "cidr": "0.0.0.0/0",
                "from_group_id": "",
                "from_port": -1,
                "id": "34164727-7151-4ebf-aebb-1b6c03270a90",
                "ip_protocol": "icmp",
                "self": false,
                "to_port": -1
              },
              {
                "cidr": "0.0.0.0/0",
                "from_group_id": "",
                "from_port": 22,
                "id": "255ecb01-66cc-474c-a147-e4912cdcc55f",
                "ip_protocol": "tcp",
                "self": false,
                "to_port": 22
              },
              {
                "cidr": "0.0.0.0/0",
                "from_group_id": "",
                "from_port": 5000,
                "id": "cde0a3d6-8160-4612-a570-e2e853e1edee",
                "ip_protocol": "tcp",
                "self": false,
                "to_port": 5000
              },
              {
                "cidr": "0.0.0.0/0",
                "from_group_id": "",
                "from_port": 8000,
                "id": "974d87e8-fc3d-46ef-b186-c800427c34b0",
                "ip_protocol": "tcp",
                "self": false,
                "to_port": 8000
              },
              {
                "cidr": "0.0.0.0/0",
                "from_group_id": "",
                "from_port": 8001,
                "id": "32428a48-46d3-4fbc-8256-7749f02177d3",
                "ip_protocol": "tcp",
                "self": false,
                "to_port": 8001
              },
              {
                "cidr": "0.0.0.0/0",
                "from_group_id": "",
                "from_port": 80,
                "id": "8b2e72e2-1cab-4e29-8837-a3fded1f652b",
                "ip_protocol": "tcp",
                "self": false,
                "to_port": 80
              }
            ],
            "timeouts": null
          },
          "sensitive_attributes": [],
          "private": "eyJlMmJmYjczMC1lY2FhLTExZTYtOGY4OC0zNDM2M2JjN2M0YzAiOnsiZGVsZXRlIjo2MDAwMDAwMDAwMDB9fQ=="
        }
      ]
    },
    {
      "mode": "managed",
      "type": "openstack_networking_floatingip_v2",
      "name": "application",
      "provider": "provider[\"registry.terraform.io/terraform-provider-openstack/openstack\"]",
      "instances": [
        {
          "schema_version": 0,
          "attributes": {
            "address": "10.29.247.40",
            "all_tags": [],
            "description": "",
            "dns_domain": "",
            "dns_name": "",
            "fixed_ip": "",
            "id": "40fe3b3a-cb28-4035-bd06-2f2156a80f44",
            "pool": "external",
            "port_id": "",
            "region": "RegionOne",
            "subnet_id": null,
            "subnet_ids": null,
            "tags": null,
            "tenant_id": "289c8931dbbd4f1789a53c45a60f42df",
            "timeouts": null,
            "value_specs": null
          },
          "sensitive_attributes": [],
          "private": "eyJlMmJmYjczMC1lY2FhLTExZTYtOGY4OC0zNDM2M2JjN2M0YzAiOnsiY3JlYXRlIjo2MDAwMDAwMDAwMDAsImRlbGV0ZSI6NjAwMDAwMDAwMDAwfX0="
        }
      ]
    },
    {
      "mode": "managed",
      "type": "openstack_networking_network_v2",
      "name": "internal_net",
      "provider": "provider[\"registry.terraform.io/terraform-provider-openstack/openstack\"]",
      "instances": [
        {
          "schema_version": 0,
          "attributes": {
            "admin_state_up": true,
            "all_tags": [],
            "availability_zone_hints": [],
            "description": "",
            "dns_domain": "",
            "external": false,
            "id": "dbdea438-bbb7-494b-89f6-9c8c3ebbb533",
            "mtu": 1450,
            "name": "project-net",
            "port_security_enabled": true,
            "qos_policy_id": "",
            "region": "RegionOne",
            "segments": [],
            "shared": false,
            "tags": null,
            "tenant_id": "289c8931dbbd4f1789a53c45a60f42df",
            "timeouts": null,
            "transparent_vlan": false,
            "value_specs": null
          },
          "sensitive_attributes": [],
          "private": "eyJlMmJmYjczMC1lY2FhLTExZTYtOGY4OC0zNDM2M2JjN2M0YzAiOnsiY3JlYXRlIjo2MDAwMDAwMDAwMDAsImRlbGV0ZSI6NjAwMDAwMDAwMDAwfX0="
        }
      ]
    },
    {
      "mode": "managed",
      "type": "openstack_networking_router_interface_v2",
      "name": "project_router_interface",
      "provider": "provider[\"registry.terraform.io/terraform-provider-openstack/openstack\"]",
      "instances": [
        {
          "schema_version": 0,
          "attributes": {
            "id": "883387cb-ada6-4877-8bfc-b59daba0d79c",
            "port_id": "883387cb-ada6-4877-8bfc-b59daba0d79c",
            "region": "RegionOne",
            "router_id": "492f5075-db29-491b-a7cb-a44ad14d2324",
            "subnet_id": "094f9f06-c348-46b1-8463-e2f98ab5ac52",
            "timeouts": null
          },
          "sensitive_attributes": [],
          "private": "eyJlMmJmYjczMC1lY2FhLTExZTYtOGY4OC0zNDM2M2JjN2M0YzAiOnsiY3JlYXRlIjo2MDAwMDAwMDAwMDAsImRlbGV0ZSI6NjAwMDAwMDAwMDAwfX0=",
          "dependencies": [
            "openstack_networking_network_v2.internal_net",
            "openstack_networking_router_v2.project_router",
            "openstack_networking_subnet_v2.internal_subnet"
          ]
        }
      ]
    },
    {
      "mode": "managed",
      "type": "openstack_networking_router_v2",
      "name": "project_router",
      "provider": "provider[\"registry.terraform.io/terraform-provider-openstack/openstack\"]",
      "instances": [
        {
          "schema_version": 0,
          "attributes": {
            "admin_state_up": true,
            "all_tags": [],
            "availability_zone_hints": [],
            "description": "",
            "distributed": false,
            "enable_snat": true,
            "external_fixed_ip": [
              {
                "ip_address": "10.29.246.148",
                "subnet_id": "69a8abf8-c6cf-47bc-87c1-3e698115dad8"
              }
            ],
            "external_gateway": "7af4393b-6556-4d29-b68e-107d02709b96",
            "external_network_id": "7af4393b-6556-4d29-b68e-107d02709b96",
            "external_subnet_ids": null,
            "id": "492f5075-db29-491b-a7cb-a44ad14d2324",
            "name": "project_router",
            "region": "RegionOne",
            "tags": null,
            "tenant_id": "289c8931dbbd4f1789a53c45a60f42df",
            "timeouts": null,
            "value_specs": null,
            "vendor_options": []
          },
          "sensitive_attributes": [],
          "private": "eyJlMmJmYjczMC1lY2FhLTExZTYtOGY4OC0zNDM2M2JjN2M0YzAiOnsiY3JlYXRlIjo2MDAwMDAwMDAwMDAsImRlbGV0ZSI6NjAwMDAwMDAwMDAwfX0="
        }
      ]
    },
    {
      "mode": "managed",
      "type": "openstack_networking_subnet_v2",
      "name": "internal_subnet",
      "provider": "provider[\"registry.terraform.io/terraform-provider-openstack/openstack\"]",
      "instances": [
        {
          "schema_version": 0,
          "attributes": {
            "all_tags": [],
            "allocation_pool": [
              {
                "end": "192.168.1.254",
                "start": "192.168.1.2"
              }
            ],
            "allocation_pools": [
              {
                "end": "192.168.1.254",
                "start": "192.168.1.2"
              }
            ],
            "cidr": "192.168.1.0/24",
            "description": "",
            "dns_nameservers": [
              "192.44.75.10",
              "192.108.115.2"
            ],
            "enable_dhcp": true,
            "gateway_ip": "192.168.1.1",
            "host_routes": [],
            "id": "094f9f06-c348-46b1-8463-e2f98ab5ac52",
            "ip_version": 4,
            "ipv6_address_mode": "",
            "ipv6_ra_mode": "",
            "name": "project-subnet",
            "network_id": "dbdea438-bbb7-494b-89f6-9c8c3ebbb533",
            "no_gateway": false,
            "prefix_length": null,
            "region": "RegionOne",
            "subnetpool_id": "",
            "tags": null,
            "tenant_id": "289c8931dbbd4f1789a53c45a60f42df",
            "timeouts": null,
            "value_specs": null
          },
          "sensitive_attributes": [],
          "private": "eyJlMmJmYjczMC1lY2FhLTExZTYtOGY4OC0zNDM2M2JjN2M0YzAiOnsiY3JlYXRlIjo2MDAwMDAwMDAwMDAsImRlbGV0ZSI6NjAwMDAwMDAwMDAwfX0=",
          "dependencies": [
            "openstack_networking_network_v2.internal_net"
          ]
        }
      ]
    }
  ],
  "check_results": null
}
